// !$*UTF8*$!
{
	archiveVersion = 1;
	classes = {
	};
	objectVersion = 46;
	objects = {

/* Begin PBXBuildFile section */
		0F9DB1BCF1A13A4713A6C9AE /* Pods____.framework in Frameworks */ = {isa = PBXBuildFile; fileRef = 33F6A38E088A3AF74398C791 /* Pods____.framework */; };
		8B1CA9B61FD5FF34001C9C13 /* CJLTipView.m in Sources */ = {isa = PBXBuildFile; fileRef = 8B1CA9B51FD5FF34001C9C13 /* CJLTipView.m */; };
		8B1CA9B91FD6FC63001C9C13 /* CJLTipModel.m in Sources */ = {isa = PBXBuildFile; fileRef = 8B1CA9B81FD6FC63001C9C13 /* CJLTipModel.m */; };
		8B1CA9BC1FD8609D001C9C13 /* UITableView+CJLAnimation.m in Sources */ = {isa = PBXBuildFile; fileRef = 8B1CA9BB1FD8609D001C9C13 /* UITableView+CJLAnimation.m */; };
		8B1CA9BF1FD88F3F001C9C13 /* UIColor+CJLColor.m in Sources */ = {isa = PBXBuildFile; fileRef = 8B1CA9BE1FD88F3F001C9C13 /* UIColor+CJLColor.m */; };
		8B3A4E121F7E6689006CFEBC /* SearchResultTableViewController.m in Sources */ = {isa = PBXBuildFile; fileRef = 8B3A4E111F7E6689006CFEBC /* SearchResultTableViewController.m */; };
		8B3A4E181F7E9E4F006CFEBC /* SearchSuggestionViewController.m in Sources */ = {isa = PBXBuildFile; fileRef = 8B3A4E171F7E9E4F006CFEBC /* SearchSuggestionViewController.m */; };
		8B3A4E201F7EC70B006CFEBC /* SearchSuggestionTableView.m in Sources */ = {isa = PBXBuildFile; fileRef = 8B3A4E1F1F7EC70B006CFEBC /* SearchSuggestionTableView.m */; };
		8B3A4E241F7F7F57006CFEBC /* UIView+FrameExtension.m in Sources */ = {isa = PBXBuildFile; fileRef = 8B3A4E231F7F7F57006CFEBC /* UIView+FrameExtension.m */; };
		8B3C9A0E1FA114CC0041A66F /* Default-568h@2x.png in Resources */ = {isa = PBXBuildFile; fileRef = 8B3C9A0D1FA114CC0041A66F /* Default-568h@2x.png */; };
		8B3C9A111FA115210041A66F /* BlurLayout.m in Sources */ = {isa = PBXBuildFile; fileRef = 8B3C9A101FA115210041A66F /* BlurLayout.m */; };
		8B40F22F1F97DC7D00B0D132 /* BookmarkModel.xcdatamodeld in Sources */ = {isa = PBXBuildFile; fileRef = 8B40F22D1F97DC7D00B0D132 /* BookmarkModel.xcdatamodeld */; };
		8B40F2321F98CAD400B0D132 /* FavoriteViewController.m in Sources */ = {isa = PBXBuildFile; fileRef = 8B40F2311F98CAD400B0D132 /* FavoriteViewController.m */; };
		8B43B5FB1FC8684800ABD0B5 /* CJLWaterfallLayout.m in Sources */ = {isa = PBXBuildFile; fileRef = 8B43B5FA1FC8684800ABD0B5 /* CJLWaterfallLayout.m */; };
		8B4B95CC1FC7367800FEB4F6 /* CJLTabBar.m in Sources */ = {isa = PBXBuildFile; fileRef = 8B4B95CB1FC7367800FEB4F6 /* CJLTabBar.m */; };
		8B4C75EE1F8C35CC009160DC /* CONSTFile.m in Sources */ = {isa = PBXBuildFile; fileRef = 8B4C75ED1F8C35CC009160DC /* CONSTFile.m */; };
		8B505E9A1FCE08A0008A2E36 /* CJLPopMenuView.m in Sources */ = {isa = PBXBuildFile; fileRef = 8B505E991FCE08A0008A2E36 /* CJLPopMenuView.m */; };
		8B7EAE4820038D7D001C2622 /* CJLFavoriteModel.m in Sources */ = {isa = PBXBuildFile; fileRef = 8B7EAE4720038D7D001C2622 /* CJLFavoriteModel.m */; };
		8B7EAE4C2003B2F0001C2622 /* CJLFavoriteTableViewCell.m in Sources */ = {isa = PBXBuildFile; fileRef = 8B7EAE4A2003B2F0001C2622 /* CJLFavoriteTableViewCell.m */; };
		8BADE9841F722B46009BB78E /* main.m in Sources */ = {isa = PBXBuildFile; fileRef = 8BADE9831F722B46009BB78E /* main.m */; };
		8BADE9871F722B46009BB78E /* AppDelegate.m in Sources */ = {isa = PBXBuildFile; fileRef = 8BADE9861F722B46009BB78E /* AppDelegate.m */; };
		8BADE98D1F722B46009BB78E /* SecondViewController.m in Sources */ = {isa = PBXBuildFile; fileRef = 8BADE98C1F722B46009BB78E /* SecondViewController.m */; };
		8BADE9901F722B46009BB78E /* Main.storyboard in Resources */ = {isa = PBXBuildFile; fileRef = 8BADE98E1F722B46009BB78E /* Main.storyboard */; };
		8BADE9921F722B46009BB78E /* Assets.xcassets in Resources */ = {isa = PBXBuildFile; fileRef = 8BADE9911F722B46009BB78E /* Assets.xcassets */; };
		8BADE9951F722B46009BB78E /* LaunchScreen.storyboard in Resources */ = {isa = PBXBuildFile; fileRef = 8BADE9931F722B46009BB78E /* LaunchScreen.storyboard */; };
		8BADE99E1F728035009BB78E /* KnowledgeViewController.m in Sources */ = {isa = PBXBuildFile; fileRef = 8BADE99D1F728035009BB78E /* KnowledgeViewController.m */; };
		8BADE9AB1F72A898009BB78E /* BlurView.m in Sources */ = {isa = PBXBuildFile; fileRef = 8BADE9AA1F72A898009BB78E /* BlurView.m */; };
		8BADE9B01F739F48009BB78E /* pathData.plist in Resources */ = {isa = PBXBuildFile; fileRef = 8BADE9AF1F739F48009BB78E /* pathData.plist */; };
		8BADE9B31F73AEAE009BB78E /* CustomCollectionViewCell.m in Sources */ = {isa = PBXBuildFile; fileRef = 8BADE9B21F73AEAE009BB78E /* CustomCollectionViewCell.m */; };
		8BADE9B61F73BC64009BB78E /* KnowledgeDetailTableViewController.m in Sources */ = {isa = PBXBuildFile; fileRef = 8BADE9B51F73BC64009BB78E /* KnowledgeDetailTableViewController.m */; };
		8BB429BA1F7A6D4000AE5B19 /* ExpandableTableViewHeader.m in Sources */ = {isa = PBXBuildFile; fileRef = 8BB429B91F7A6D4000AE5B19 /* ExpandableTableViewHeader.m */; };
		8BB429BD1F7A6DC600AE5B19 /* ExpandableTableViewHeaderModel.m in Sources */ = {isa = PBXBuildFile; fileRef = 8BB429BC1F7A6DC600AE5B19 /* ExpandableTableViewHeaderModel.m */; };
		8BB429C01F7BFBA000AE5B19 /* ContentsTableViewController.m in Sources */ = {isa = PBXBuildFile; fileRef = 8BB429BF1F7BFBA000AE5B19 /* ContentsTableViewController.m */; };
		8BC418ED2041C2770075BE7A /* Favorite.storyboard in Resources */ = {isa = PBXBuildFile; fileRef = 8BC418EC2041C2770075BE7A /* Favorite.storyboard */; };
		8BC418EF2041CAA30075BE7A /* Knowledge.storyboard in Resources */ = {isa = PBXBuildFile; fileRef = 8BC418EE2041CAA30075BE7A /* Knowledge.storyboard */; };
		8BC418F12041CCD80075BE7A /* Memory.storyboard in Resources */ = {isa = PBXBuildFile; fileRef = 8BC418F02041CCD80075BE7A /* Memory.storyboard */; };
		8BC418F82042725B0075BE7A /* MemoryCollectionViewController.m in Sources */ = {isa = PBXBuildFile; fileRef = 8BC418F72042725B0075BE7A /* MemoryCollectionViewController.m */; };
		8BC418FB20430D070075BE7A /* MemoryViewController.m in Sources */ = {isa = PBXBuildFile; fileRef = 8BC418FA20430D070075BE7A /* MemoryViewController.m */; };
		8BED3C941F7C326100D8EFBB /* WebViewController.m in Sources */ = {isa = PBXBuildFile; fileRef = 8BED3C931F7C326100D8EFBB /* WebViewController.m */; };
		8BF24C051F99CC7F00A223BD /* BookmarkHandle.m in Sources */ = {isa = PBXBuildFile; fileRef = 8BF24C041F99CC7F00A223BD /* BookmarkHandle.m */; };
		8BF9EBF01FD0D5D200DDEFDF /* CJL.db in Resources */ = {isa = PBXBuildFile; fileRef = 8BF9EBEF1FD0D5D200DDEFDF /* CJL.db */; };
		8BF9EBF31FD0D63200DDEFDF /* DBAccess.m in Sources */ = {isa = PBXBuildFile; fileRef = 8BF9EBF21FD0D63200DDEFDF /* DBAccess.m */; };
		8BF9EBF71FD0DE3400DDEFDF /* libsqlite3.0.tbd in Frameworks */ = {isa = PBXBuildFile; fileRef = 8BF9EBF51FD0DE1500DDEFDF /* libsqlite3.0.tbd */; };
		8BF9EBF81FD0DEB600DDEFDF /* libsqlite3.tbd in Frameworks */ = {isa = PBXBuildFile; fileRef = 8BF9EBF61FD0DE2D00DDEFDF /* libsqlite3.tbd */; };
/* End PBXBuildFile section */

/* Begin PBXFileReference section */
		33F6A38E088A3AF74398C791 /* Pods____.framework */ = {isa = PBXFileReference; explicitFileType = wrapper.framework; includeInIndex = 0; path = "Pods____.framework"; sourceTree = BUILT_PRODUCTS_DIR; };
		7C47E3469F8EAD289C6455B1 /* Pods-巢经楼.debug.xcconfig */ = {isa = PBXFileReference; includeInIndex = 1; lastKnownFileType = text.xcconfig; name = "Pods-巢经楼.debug.xcconfig"; path = "Pods/Target Support Files/Pods-巢经楼/Pods-巢经楼.debug.xcconfig"; sourceTree = "<group>"; };
		8B1CA9B41FD5FF34001C9C13 /* CJLTipView.h */ = {isa = PBXFileReference; lastKnownFileType = sourcecode.c.h; path = CJLTipView.h; sourceTree = "<group>"; };
		8B1CA9B51FD5FF34001C9C13 /* CJLTipView.m */ = {isa = PBXFileReference; lastKnownFileType = sourcecode.c.objc; path = CJLTipView.m; sourceTree = "<group>"; };
		8B1CA9B71FD6FC63001C9C13 /* CJLTipModel.h */ = {isa = PBXFileReference; lastKnownFileType = sourcecode.c.h; path = CJLTipModel.h; sourceTree = "<group>"; };
		8B1CA9B81FD6FC63001C9C13 /* CJLTipModel.m */ = {isa = PBXFileReference; lastKnownFileType = sourcecode.c.objc; path = CJLTipModel.m; sourceTree = "<group>"; };
		8B1CA9BA1FD8609D001C9C13 /* UITableView+CJLAnimation.h */ = {isa = PBXFileReference; lastKnownFileType = sourcecode.c.h; path = "UITableView+CJLAnimation.h"; sourceTree = "<group>"; };
		8B1CA9BB1FD8609D001C9C13 /* UITableView+CJLAnimation.m */ = {isa = PBXFileReference; lastKnownFileType = sourcecode.c.objc; path = "UITableView+CJLAnimation.m"; sourceTree = "<group>"; };
		8B1CA9BD1FD88F3F001C9C13 /* UIColor+CJLColor.h */ = {isa = PBXFileReference; lastKnownFileType = sourcecode.c.h; path = "UIColor+CJLColor.h"; sourceTree = "<group>"; };
		8B1CA9BE1FD88F3F001C9C13 /* UIColor+CJLColor.m */ = {isa = PBXFileReference; lastKnownFileType = sourcecode.c.objc; path = "UIColor+CJLColor.m"; sourceTree = "<group>"; };
		8B3A4E101F7E6689006CFEBC /* SearchResultTableViewController.h */ = {isa = PBXFileReference; fileEncoding = 4; lastKnownFileType = sourcecode.c.h; path = SearchResultTableViewController.h; sourceTree = "<group>"; };
		8B3A4E111F7E6689006CFEBC /* SearchResultTableViewController.m */ = {isa = PBXFileReference; fileEncoding = 4; lastKnownFileType = sourcecode.c.objc; path = SearchResultTableViewController.m; sourceTree = "<group>"; };
		8B3A4E161F7E9E4F006CFEBC /* SearchSuggestionViewController.h */ = {isa = PBXFileReference; fileEncoding = 4; lastKnownFileType = sourcecode.c.h; path = SearchSuggestionViewController.h; sourceTree = "<group>"; };
		8B3A4E171F7E9E4F006CFEBC /* SearchSuggestionViewController.m */ = {isa = PBXFileReference; fileEncoding = 4; lastKnownFileType = sourcecode.c.objc; path = SearchSuggestionViewController.m; sourceTree = "<group>"; };
		8B3A4E1E1F7EC70B006CFEBC /* SearchSuggestionTableView.h */ = {isa = PBXFileReference; fileEncoding = 4; lastKnownFileType = sourcecode.c.h; path = SearchSuggestionTableView.h; sourceTree = "<group>"; };
		8B3A4E1F1F7EC70B006CFEBC /* SearchSuggestionTableView.m */ = {isa = PBXFileReference; fileEncoding = 4; lastKnownFileType = sourcecode.c.objc; path = SearchSuggestionTableView.m; sourceTree = "<group>"; };
		8B3A4E221F7F7F57006CFEBC /* UIView+FrameExtension.h */ = {isa = PBXFileReference; fileEncoding = 4; lastKnownFileType = sourcecode.c.h; path = "UIView+FrameExtension.h"; sourceTree = "<group>"; };
		8B3A4E231F7F7F57006CFEBC /* UIView+FrameExtension.m */ = {isa = PBXFileReference; fileEncoding = 4; lastKnownFileType = sourcecode.c.objc; path = "UIView+FrameExtension.m"; sourceTree = "<group>"; };
		8B3C9A0D1FA114CC0041A66F /* Default-568h@2x.png */ = {isa = PBXFileReference; lastKnownFileType = image.png; path = "Default-568h@2x.png"; sourceTree = "<group>"; };
		8B3C9A0F1FA115210041A66F /* BlurLayout.h */ = {isa = PBXFileReference; fileEncoding = 4; lastKnownFileType = sourcecode.c.h; path = BlurLayout.h; sourceTree = "<group>"; };
		8B3C9A101FA115210041A66F /* BlurLayout.m */ = {isa = PBXFileReference; fileEncoding = 4; lastKnownFileType = sourcecode.c.objc; path = BlurLayout.m; sourceTree = "<group>"; };
		8B40F22E1F97DC7D00B0D132 /* BookmarkModel.xcdatamodel */ = {isa = PBXFileReference; lastKnownFileType = wrapper.xcdatamodel; path = BookmarkModel.xcdatamodel; sourceTree = "<group>"; };
		8B40F2301F98CAD400B0D132 /* FavoriteViewController.h */ = {isa = PBXFileReference; lastKnownFileType = sourcecode.c.h; path = FavoriteViewController.h; sourceTree = "<group>"; };
		8B40F2311F98CAD400B0D132 /* FavoriteViewController.m */ = {isa = PBXFileReference; lastKnownFileType = sourcecode.c.objc; path = FavoriteViewController.m; sourceTree = "<group>"; };
		8B43B5F91FC8684800ABD0B5 /* CJLWaterfallLayout.h */ = {isa = PBXFileReference; lastKnownFileType = sourcecode.c.h; path = CJLWaterfallLayout.h; sourceTree = "<group>"; };
		8B43B5FA1FC8684800ABD0B5 /* CJLWaterfallLayout.m */ = {isa = PBXFileReference; lastKnownFileType = sourcecode.c.objc; path = CJLWaterfallLayout.m; sourceTree = "<group>"; };
		8B4B95CA1FC7367800FEB4F6 /* CJLTabBar.h */ = {isa = PBXFileReference; lastKnownFileType = sourcecode.c.h; path = CJLTabBar.h; sourceTree = "<group>"; };
		8B4B95CB1FC7367800FEB4F6 /* CJLTabBar.m */ = {isa = PBXFileReference; lastKnownFileType = sourcecode.c.objc; path = CJLTabBar.m; sourceTree = "<group>"; };
		8B4C75EC1F8C35CC009160DC /* CONSTFile.h */ = {isa = PBXFileReference; lastKnownFileType = sourcecode.c.h; path = CONSTFile.h; sourceTree = "<group>"; };
		8B4C75ED1F8C35CC009160DC /* CONSTFile.m */ = {isa = PBXFileReference; lastKnownFileType = sourcecode.c.objc; path = CONSTFile.m; sourceTree = "<group>"; };
		8B505E981FCE08A0008A2E36 /* CJLPopMenuView.h */ = {isa = PBXFileReference; lastKnownFileType = sourcecode.c.h; path = CJLPopMenuView.h; sourceTree = "<group>"; };
		8B505E991FCE08A0008A2E36 /* CJLPopMenuView.m */ = {isa = PBXFileReference; lastKnownFileType = sourcecode.c.objc; path = CJLPopMenuView.m; sourceTree = "<group>"; };
		8B7EAE4620038D7D001C2622 /* CJLFavoriteModel.h */ = {isa = PBXFileReference; lastKnownFileType = sourcecode.c.h; path = CJLFavoriteModel.h; sourceTree = "<group>"; };
		8B7EAE4720038D7D001C2622 /* CJLFavoriteModel.m */ = {isa = PBXFileReference; lastKnownFileType = sourcecode.c.objc; path = CJLFavoriteModel.m; sourceTree = "<group>"; };
		8B7EAE492003B2F0001C2622 /* CJLFavoriteTableViewCell.h */ = {isa = PBXFileReference; lastKnownFileType = sourcecode.c.h; path = CJLFavoriteTableViewCell.h; sourceTree = "<group>"; };
		8B7EAE4A2003B2F0001C2622 /* CJLFavoriteTableViewCell.m */ = {isa = PBXFileReference; lastKnownFileType = sourcecode.c.objc; path = CJLFavoriteTableViewCell.m; sourceTree = "<group>"; };
		8BADE97F1F722B45009BB78E /* 巢经楼.app */ = {isa = PBXFileReference; explicitFileType = wrapper.application; includeInIndex = 0; path = "巢经楼.app"; sourceTree = BUILT_PRODUCTS_DIR; };
		8BADE9831F722B46009BB78E /* main.m */ = {isa = PBXFileReference; lastKnownFileType = sourcecode.c.objc; path = main.m; sourceTree = "<group>"; };
		8BADE9851F722B46009BB78E /* AppDelegate.h */ = {isa = PBXFileReference; lastKnownFileType = sourcecode.c.h; path = AppDelegate.h; sourceTree = "<group>"; };
		8BADE9861F722B46009BB78E /* AppDelegate.m */ = {isa = PBXFileReference; lastKnownFileType = sourcecode.c.objc; path = AppDelegate.m; sourceTree = "<group>"; };
		8BADE98B1F722B46009BB78E /* SecondViewController.h */ = {isa = PBXFileReference; lastKnownFileType = sourcecode.c.h; path = SecondViewController.h; sourceTree = "<group>"; };
		8BADE98C1F722B46009BB78E /* SecondViewController.m */ = {isa = PBXFileReference; lastKnownFileType = sourcecode.c.objc; path = SecondViewController.m; sourceTree = "<group>"; };
		8BADE98F1F722B46009BB78E /* Base */ = {isa = PBXFileReference; lastKnownFileType = file.storyboard; name = Base; path = Base.lproj/Main.storyboard; sourceTree = "<group>"; };
		8BADE9911F722B46009BB78E /* Assets.xcassets */ = {isa = PBXFileReference; lastKnownFileType = folder.assetcatalog; path = Assets.xcassets; sourceTree = "<group>"; };
		8BADE9941F722B46009BB78E /* Base */ = {isa = PBXFileReference; lastKnownFileType = file.storyboard; name = Base; path = Base.lproj/LaunchScreen.storyboard; sourceTree = "<group>"; };
		8BADE9961F722B46009BB78E /* Info.plist */ = {isa = PBXFileReference; lastKnownFileType = text.plist.xml; path = Info.plist; sourceTree = "<group>"; };
		8BADE99C1F728035009BB78E /* KnowledgeViewController.h */ = {isa = PBXFileReference; fileEncoding = 4; lastKnownFileType = sourcecode.c.h; path = KnowledgeViewController.h; sourceTree = "<group>"; };
		8BADE99D1F728035009BB78E /* KnowledgeViewController.m */ = {isa = PBXFileReference; fileEncoding = 4; lastKnownFileType = sourcecode.c.objc; path = KnowledgeViewController.m; sourceTree = "<group>"; };
		8BADE9A91F72A898009BB78E /* BlurView.h */ = {isa = PBXFileReference; fileEncoding = 4; lastKnownFileType = sourcecode.c.h; path = BlurView.h; sourceTree = "<group>"; };
		8BADE9AA1F72A898009BB78E /* BlurView.m */ = {isa = PBXFileReference; fileEncoding = 4; lastKnownFileType = sourcecode.c.objc; path = BlurView.m; sourceTree = "<group>"; };
		8BADE9AF1F739F48009BB78E /* pathData.plist */ = {isa = PBXFileReference; fileEncoding = 4; lastKnownFileType = text.plist.xml; path = pathData.plist; sourceTree = "<group>"; };
		8BADE9B11F73AEAE009BB78E /* CustomCollectionViewCell.h */ = {isa = PBXFileReference; fileEncoding = 4; lastKnownFileType = sourcecode.c.h; path = CustomCollectionViewCell.h; sourceTree = "<group>"; };
		8BADE9B21F73AEAE009BB78E /* CustomCollectionViewCell.m */ = {isa = PBXFileReference; fileEncoding = 4; lastKnownFileType = sourcecode.c.objc; path = CustomCollectionViewCell.m; sourceTree = "<group>"; };
		8BADE9B41F73BC64009BB78E /* KnowledgeDetailTableViewController.h */ = {isa = PBXFileReference; fileEncoding = 4; lastKnownFileType = sourcecode.c.h; path = KnowledgeDetailTableViewController.h; sourceTree = "<group>"; };
		8BADE9B51F73BC64009BB78E /* KnowledgeDetailTableViewController.m */ = {isa = PBXFileReference; fileEncoding = 4; lastKnownFileType = sourcecode.c.objc; path = KnowledgeDetailTableViewController.m; sourceTree = "<group>"; };
		8BB429B81F7A6D4000AE5B19 /* ExpandableTableViewHeader.h */ = {isa = PBXFileReference; fileEncoding = 4; lastKnownFileType = sourcecode.c.h; path = ExpandableTableViewHeader.h; sourceTree = "<group>"; };
		8BB429B91F7A6D4000AE5B19 /* ExpandableTableViewHeader.m */ = {isa = PBXFileReference; fileEncoding = 4; lastKnownFileType = sourcecode.c.objc; path = ExpandableTableViewHeader.m; sourceTree = "<group>"; };
		8BB429BB1F7A6DC600AE5B19 /* ExpandableTableViewHeaderModel.h */ = {isa = PBXFileReference; fileEncoding = 4; lastKnownFileType = sourcecode.c.h; path = ExpandableTableViewHeaderModel.h; sourceTree = "<group>"; };
		8BB429BC1F7A6DC600AE5B19 /* ExpandableTableViewHeaderModel.m */ = {isa = PBXFileReference; fileEncoding = 4; lastKnownFileType = sourcecode.c.objc; path = ExpandableTableViewHeaderModel.m; sourceTree = "<group>"; };
		8BB429BE1F7BFBA000AE5B19 /* ContentsTableViewController.h */ = {isa = PBXFileReference; fileEncoding = 4; lastKnownFileType = sourcecode.c.h; path = ContentsTableViewController.h; sourceTree = "<group>"; };
		8BB429BF1F7BFBA000AE5B19 /* ContentsTableViewController.m */ = {isa = PBXFileReference; fileEncoding = 4; lastKnownFileType = sourcecode.c.objc; path = ContentsTableViewController.m; sourceTree = "<group>"; };
		8BC418EC2041C2770075BE7A /* Favorite.storyboard */ = {isa = PBXFileReference; lastKnownFileType = file.storyboard; path = Favorite.storyboard; sourceTree = "<group>"; };
		8BC418EE2041CAA30075BE7A /* Knowledge.storyboard */ = {isa = PBXFileReference; lastKnownFileType = file.storyboard; path = Knowledge.storyboard; sourceTree = "<group>"; };
		8BC418F02041CCD80075BE7A /* Memory.storyboard */ = {isa = PBXFileReference; lastKnownFileType = file.storyboard; path = Memory.storyboard; sourceTree = "<group>"; };
		8BC418F62042725B0075BE7A /* MemoryCollectionViewController.h */ = {isa = PBXFileReference; lastKnownFileType = sourcecode.c.h; path = MemoryCollectionViewController.h; sourceTree = "<group>"; };
		8BC418F72042725B0075BE7A /* MemoryCollectionViewController.m */ = {isa = PBXFileReference; lastKnownFileType = sourcecode.c.objc; path = MemoryCollectionViewController.m; sourceTree = "<group>"; };
		8BC418F920430D070075BE7A /* MemoryViewController.h */ = {isa = PBXFileReference; lastKnownFileType = sourcecode.c.h; path = MemoryViewController.h; sourceTree = "<group>"; };
		8BC418FA20430D070075BE7A /* MemoryViewController.m */ = {isa = PBXFileReference; lastKnownFileType = sourcecode.c.objc; path = MemoryViewController.m; sourceTree = "<group>"; };
		8BED3C921F7C326100D8EFBB /* WebViewController.h */ = {isa = PBXFileReference; fileEncoding = 4; lastKnownFileType = sourcecode.c.h; path = WebViewController.h; sourceTree = "<group>"; };
		8BED3C931F7C326100D8EFBB /* WebViewController.m */ = {isa = PBXFileReference; fileEncoding = 4; lastKnownFileType = sourcecode.c.objc; path = WebViewController.m; sourceTree = "<group>"; };
		8BF24C031F99CC7F00A223BD /* BookmarkHandle.h */ = {isa = PBXFileReference; lastKnownFileType = sourcecode.c.h; path = BookmarkHandle.h; sourceTree = "<group>"; };
		8BF24C041F99CC7F00A223BD /* BookmarkHandle.m */ = {isa = PBXFileReference; lastKnownFileType = sourcecode.c.objc; path = BookmarkHandle.m; sourceTree = "<group>"; };
		8BF9EBEF1FD0D5D200DDEFDF /* CJL.db */ = {isa = PBXFileReference; lastKnownFileType = file; path = CJL.db; sourceTree = "<group>"; };
		8BF9EBF11FD0D63200DDEFDF /* DBAccess.h */ = {isa = PBXFileReference; lastKnownFileType = sourcecode.c.h; path = DBAccess.h; sourceTree = "<group>"; };
		8BF9EBF21FD0D63200DDEFDF /* DBAccess.m */ = {isa = PBXFileReference; lastKnownFileType = sourcecode.c.objc; path = DBAccess.m; sourceTree = "<group>"; };
		8BF9EBF51FD0DE1500DDEFDF /* libsqlite3.0.tbd */ = {isa = PBXFileReference; lastKnownFileType = "sourcecode.text-based-dylib-definition"; name = libsqlite3.0.tbd; path = usr/lib/libsqlite3.0.tbd; sourceTree = SDKROOT; };
		8BF9EBF61FD0DE2D00DDEFDF /* libsqlite3.tbd */ = {isa = PBXFileReference; lastKnownFileType = "sourcecode.text-based-dylib-definition"; name = libsqlite3.tbd; path = usr/lib/libsqlite3.tbd; sourceTree = SDKROOT; };
		F2D6C14F00C902DC76EBC0FA /* Pods-巢经楼.release.xcconfig */ = {isa = PBXFileReference; includeInIndex = 1; lastKnownFileType = text.xcconfig; name = "Pods-巢经楼.release.xcconfig"; path = "Pods/Target Support Files/Pods-巢经楼/Pods-巢经楼.release.xcconfig"; sourceTree = "<group>"; };
/* End PBXFileReference section */

/* Begin PBXFrameworksBuildPhase section */
		8BADE97C1F722B45009BB78E /* Frameworks */ = {
			isa = PBXFrameworksBuildPhase;
			buildActionMask = 2147483647;
			files = (
				8BF9EBF81FD0DEB600DDEFDF /* libsqlite3.tbd in Frameworks */,
				8BF9EBF71FD0DE3400DDEFDF /* libsqlite3.0.tbd in Frameworks */,
				0F9DB1BCF1A13A4713A6C9AE /* Pods____.framework in Frameworks */,
			);
			runOnlyForDeploymentPostprocessing = 0;
		};
/* End PBXFrameworksBuildPhase section */

/* Begin PBXGroup section */
		2882380CCEB914C7298BD536 /* Pods */ = {
			isa = PBXGroup;
			children = (
				7C47E3469F8EAD289C6455B1 /* Pods-巢经楼.debug.xcconfig */,
				F2D6C14F00C902DC76EBC0FA /* Pods-巢经楼.release.xcconfig */,
			);
			name = Pods;
			sourceTree = "<group>";
		};
		8B3A4E211F7F7DFE006CFEBC /* Extentions */ = {
			isa = PBXGroup;
			children = (
				8B1CA9BA1FD8609D001C9C13 /* UITableView+CJLAnimation.h */,
				8B1CA9BB1FD8609D001C9C13 /* UITableView+CJLAnimation.m */,
				8B4C75EC1F8C35CC009160DC /* CONSTFile.h */,
				8B4C75ED1F8C35CC009160DC /* CONSTFile.m */,
				8B3A4E221F7F7F57006CFEBC /* UIView+FrameExtension.h */,
				8B3A4E231F7F7F57006CFEBC /* UIView+FrameExtension.m */,
				8B1CA9BD1FD88F3F001C9C13 /* UIColor+CJLColor.h */,
				8B1CA9BE1FD88F3F001C9C13 /* UIColor+CJLColor.m */,
			);
			path = Extentions;
			sourceTree = "<group>";
		};
		8B40F21A1F97D9ED00B0D132 /* Controller */ = {
			isa = PBXGroup;
			children = (
				8BED3C921F7C326100D8EFBB /* WebViewController.h */,
				8BED3C931F7C326100D8EFBB /* WebViewController.m */,
				8B40F21B1F97D9ED00B0D132 /* KnowledgeVCRelated */,
				8B40F21C1F97D9ED00B0D132 /* FavoriteVCRelated */,
				8BC418F2204271D90075BE7A /* MemoryVCRelated */,
			);
			path = Controller;
			sourceTree = "<group>";
		};
		8B40F21B1F97D9ED00B0D132 /* KnowledgeVCRelated */ = {
			isa = PBXGroup;
			children = (
				8BADE99C1F728035009BB78E /* KnowledgeViewController.h */,
				8BADE99D1F728035009BB78E /* KnowledgeViewController.m */,
				8BADE9B41F73BC64009BB78E /* KnowledgeDetailTableViewController.h */,
				8BADE9B51F73BC64009BB78E /* KnowledgeDetailTableViewController.m */,
				8B3A4E161F7E9E4F006CFEBC /* SearchSuggestionViewController.h */,
				8B3A4E171F7E9E4F006CFEBC /* SearchSuggestionViewController.m */,
				8B3A4E101F7E6689006CFEBC /* SearchResultTableViewController.h */,
				8B3A4E111F7E6689006CFEBC /* SearchResultTableViewController.m */,
				8BB429BE1F7BFBA000AE5B19 /* ContentsTableViewController.h */,
				8BB429BF1F7BFBA000AE5B19 /* ContentsTableViewController.m */,
			);
			path = KnowledgeVCRelated;
			sourceTree = "<group>";
		};
		8B40F21C1F97D9ED00B0D132 /* FavoriteVCRelated */ = {
			isa = PBXGroup;
			children = (
				8B40F2301F98CAD400B0D132 /* FavoriteViewController.h */,
				8B40F2311F98CAD400B0D132 /* FavoriteViewController.m */,
				8BADE98B1F722B46009BB78E /* SecondViewController.h */,
				8BADE98C1F722B46009BB78E /* SecondViewController.m */,
			);
			path = FavoriteVCRelated;
			sourceTree = "<group>";
		};
		8B40F21D1F97D9FC00B0D132 /* FirstTabViewRelated */ = {
			isa = PBXGroup;
			children = (
				8BADE9B11F73AEAE009BB78E /* CustomCollectionViewCell.h */,
				8BADE9B21F73AEAE009BB78E /* CustomCollectionViewCell.m */,
				8B43B5F91FC8684800ABD0B5 /* CJLWaterfallLayout.h */,
				8B43B5FA1FC8684800ABD0B5 /* CJLWaterfallLayout.m */,
				8B3A4E1E1F7EC70B006CFEBC /* SearchSuggestionTableView.h */,
				8B3A4E1F1F7EC70B006CFEBC /* SearchSuggestionTableView.m */,
				8BB429B81F7A6D4000AE5B19 /* ExpandableTableViewHeader.h */,
				8BB429B91F7A6D4000AE5B19 /* ExpandableTableViewHeader.m */,
			);
			path = FirstTabViewRelated;
			sourceTree = "<group>";
		};
		8BADE9761F722B45009BB78E = {
			isa = PBXGroup;
			children = (
				8B3C9A0D1FA114CC0041A66F /* Default-568h@2x.png */,
				8BADE9811F722B45009BB78E /* 巢经楼 */,
				8BADE9801F722B45009BB78E /* Products */,
				8BF9EBF41FD0DE1400DDEFDF /* Frameworks */,
				2882380CCEB914C7298BD536 /* Pods */,
			);
			sourceTree = "<group>";
		};
		8BADE9801F722B45009BB78E /* Products */ = {
			isa = PBXGroup;
			children = (
				8BADE97F1F722B45009BB78E /* 巢经楼.app */,
			);
			name = Products;
			sourceTree = "<group>";
		};
		8BADE9811F722B45009BB78E /* 巢经楼 */ = {
			isa = PBXGroup;
			children = (
				8BF24C021F99CB5800A223BD /* CoreData */,
				8B40F21A1F97D9ED00B0D132 /* Controller */,
				8B3A4E211F7F7DFE006CFEBC /* Extentions */,
				8BB429B61F7A6C7A00AE5B19 /* Model */,
				8BB429B71F7A6C7A00AE5B19 /* View */,
				8BADE9851F722B46009BB78E /* AppDelegate.h */,
				8BADE9861F722B46009BB78E /* AppDelegate.m */,
				8BADE9911F722B46009BB78E /* Assets.xcassets */,
				8BADE9931F722B46009BB78E /* LaunchScreen.storyboard */,
				8BADE9961F722B46009BB78E /* Info.plist */,
				8BADE9AF1F739F48009BB78E /* pathData.plist */,
				8BADE98E1F722B46009BB78E /* Main.storyboard */,
				8BC418F02041CCD80075BE7A /* Memory.storyboard */,
				8BC418EE2041CAA30075BE7A /* Knowledge.storyboard */,
				8BC418EC2041C2770075BE7A /* Favorite.storyboard */,
				8BADE9821F722B46009BB78E /* Supporting Files */,
			);
			path = "巢经楼";
			sourceTree = "<group>";
		};
		8BADE9821F722B46009BB78E /* Supporting Files */ = {
			isa = PBXGroup;
			children = (
				8BADE9A51F72A861009BB78E /* BlurLayout */,
				8BADE9831F722B46009BB78E /* main.m */,
			);
			name = "Supporting Files";
			sourceTree = "<group>";
		};
		8BADE9A51F72A861009BB78E /* BlurLayout */ = {
			isa = PBXGroup;
			children = (
				8B3C9A0F1FA115210041A66F /* BlurLayout.h */,
				8B3C9A101FA115210041A66F /* BlurLayout.m */,
				8BADE9A91F72A898009BB78E /* BlurView.h */,
				8BADE9AA1F72A898009BB78E /* BlurView.m */,
			);
			path = BlurLayout;
			sourceTree = "<group>";
		};
		8BB429B61F7A6C7A00AE5B19 /* Model */ = {
			isa = PBXGroup;
			children = (
				8BB429BB1F7A6DC600AE5B19 /* ExpandableTableViewHeaderModel.h */,
				8BB429BC1F7A6DC600AE5B19 /* ExpandableTableViewHeaderModel.m */,
				8B1CA9B71FD6FC63001C9C13 /* CJLTipModel.h */,
				8B1CA9B81FD6FC63001C9C13 /* CJLTipModel.m */,
				8B7EAE4620038D7D001C2622 /* CJLFavoriteModel.h */,
				8B7EAE4720038D7D001C2622 /* CJLFavoriteModel.m */,
			);
			path = Model;
			sourceTree = "<group>";
		};
		8BB429B71F7A6C7A00AE5B19 /* View */ = {
			isa = PBXGroup;
			children = (
				8B7EAE492003B2F0001C2622 /* CJLFavoriteTableViewCell.h */,
				8B7EAE4A2003B2F0001C2622 /* CJLFavoriteTableViewCell.m */,
				8B505E981FCE08A0008A2E36 /* CJLPopMenuView.h */,
				8B505E991FCE08A0008A2E36 /* CJLPopMenuView.m */,
				8B4B95CA1FC7367800FEB4F6 /* CJLTabBar.h */,
				8B4B95CB1FC7367800FEB4F6 /* CJLTabBar.m */,
				8B1CA9B41FD5FF34001C9C13 /* CJLTipView.h */,
				8B1CA9B51FD5FF34001C9C13 /* CJLTipView.m */,
				8B40F21D1F97D9FC00B0D132 /* FirstTabViewRelated */,
			);
			path = View;
			sourceTree = "<group>";
		};
		8BC418F2204271D90075BE7A /* MemoryVCRelated */ = {
			isa = PBXGroup;
			children = (
				8BC418F62042725B0075BE7A /* MemoryCollectionViewController.h */,
				8BC418F72042725B0075BE7A /* MemoryCollectionViewController.m */,
				8BC418F920430D070075BE7A /* MemoryViewController.h */,
				8BC418FA20430D070075BE7A /* MemoryViewController.m */,
			);
			path = MemoryVCRelated;
			sourceTree = "<group>";
		};
		8BF24C021F99CB5800A223BD /* CoreData */ = {
			isa = PBXGroup;
			children = (
				8BF9EBEF1FD0D5D200DDEFDF /* CJL.db */,
				8BF24C031F99CC7F00A223BD /* BookmarkHandle.h */,
				8BF24C041F99CC7F00A223BD /* BookmarkHandle.m */,
				8B40F22D1F97DC7D00B0D132 /* BookmarkModel.xcdatamodeld */,
				8BF9EBF11FD0D63200DDEFDF /* DBAccess.h */,
				8BF9EBF21FD0D63200DDEFDF /* DBAccess.m */,
			);
			path = CoreData;
			sourceTree = "<group>";
		};
		8BF9EBF41FD0DE1400DDEFDF /* Frameworks */ = {
			isa = PBXGroup;
			children = (
				8BF9EBF61FD0DE2D00DDEFDF /* libsqlite3.tbd */,
				8BF9EBF51FD0DE1500DDEFDF /* libsqlite3.0.tbd */,
				33F6A38E088A3AF74398C791 /* Pods____.framework */,
			);
			name = Frameworks;
			sourceTree = "<group>";
		};
/* End PBXGroup section */

/* Begin PBXNativeTarget section */
		8BADE97E1F722B45009BB78E /* 巢经楼 */ = {
			isa = PBXNativeTarget;
			buildConfigurationList = 8BADE9991F722B46009BB78E /* Build configuration list for PBXNativeTarget "巢经楼" */;
			buildPhases = (
				22B8A59CF85FBBF480B6999D /* [CP] Check Pods Manifest.lock */,
				8BADE97B1F722B45009BB78E /* Sources */,
				8BADE97C1F722B45009BB78E /* Frameworks */,
				8BADE97D1F722B45009BB78E /* Resources */,
				39F2AAC94E2A919CBF7E8333 /* [CP] Embed Pods Frameworks */,
				0ADA12DFF44A2D2BCB32A489 /* [CP] Copy Pods Resources */,
			);
			buildRules = (
			);
			dependencies = (
			);
			name = "巢经楼";
			productName = "iOS宝典";
			productReference = 8BADE97F1F722B45009BB78E /* 巢经楼.app */;
			productType = "com.apple.product-type.application";
		};
/* End PBXNativeTarget section */

/* Begin PBXProject section */
		8BADE9771F722B45009BB78E /* Project object */ = {
			isa = PBXProject;
			attributes = {
				LastUpgradeCheck = 0900;
				ORGANIZATIONNAME = "蔡钟鸣";
				TargetAttributes = {
					8BADE97E1F722B45009BB78E = {
						CreatedOnToolsVersion = 8.3.3;
						DevelopmentTeam = AL9MN53CG2;
						ProvisioningStyle = Automatic;
					};
				};
			};
			buildConfigurationList = 8BADE97A1F722B45009BB78E /* Build configuration list for PBXProject "巢经楼" */;
			compatibilityVersion = "Xcode 3.2";
			developmentRegion = English;
			hasScannedForEncodings = 0;
			knownRegions = (
				en,
				Base,
			);
			mainGroup = 8BADE9761F722B45009BB78E;
			productRefGroup = 8BADE9801F722B45009BB78E /* Products */;
			projectDirPath = "";
			projectRoot = "";
			targets = (
				8BADE97E1F722B45009BB78E /* 巢经楼 */,
			);
		};
/* End PBXProject section */

/* Begin PBXResourcesBuildPhase section */
		8BADE97D1F722B45009BB78E /* Resources */ = {
			isa = PBXResourcesBuildPhase;
			buildActionMask = 2147483647;
			files = (
				8BADE9951F722B46009BB78E /* LaunchScreen.storyboard in Resources */,
				8BF9EBF01FD0D5D200DDEFDF /* CJL.db in Resources */,
				8BC418ED2041C2770075BE7A /* Favorite.storyboard in Resources */,
				8BC418EF2041CAA30075BE7A /* Knowledge.storyboard in Resources */,
				8BC418F12041CCD80075BE7A /* Memory.storyboard in Resources */,
				8BADE9921F722B46009BB78E /* Assets.xcassets in Resources */,
				8BADE9901F722B46009BB78E /* Main.storyboard in Resources */,
				8B3C9A0E1FA114CC0041A66F /* Default-568h@2x.png in Resources */,
				8BADE9B01F739F48009BB78E /* pathData.plist in Resources */,
			);
			runOnlyForDeploymentPostprocessing = 0;
		};
/* End PBXResourcesBuildPhase section */

/* Begin PBXShellScriptBuildPhase section */
		0ADA12DFF44A2D2BCB32A489 /* [CP] Copy Pods Resources */ = {
			isa = PBXShellScriptBuildPhase;
			buildActionMask = 2147483647;
			files = (
			);
			inputPaths = (
			);
			name = "[CP] Copy Pods Resources";
			outputPaths = (
			);
			runOnlyForDeploymentPostprocessing = 0;
			shellPath = /bin/sh;
			shellScript = "\"${SRCROOT}/Pods/Target Support Files/Pods-巢经楼/Pods-巢经楼-resources.sh\"\n";
			showEnvVarsInLog = 0;
		};
		22B8A59CF85FBBF480B6999D /* [CP] Check Pods Manifest.lock */ = {
			isa = PBXShellScriptBuildPhase;
			buildActionMask = 2147483647;
			files = (
			);
			inputPaths = (
				"${PODS_PODFILE_DIR_PATH}/Podfile.lock",
				"${PODS_ROOT}/Manifest.lock",
			);
			name = "[CP] Check Pods Manifest.lock";
			outputPaths = (
				"$(DERIVED_FILE_DIR)/Pods-巢经楼-checkManifestLockResult.txt",
			);
			runOnlyForDeploymentPostprocessing = 0;
			shellPath = /bin/sh;
			shellScript = "diff \"${PODS_PODFILE_DIR_PATH}/Podfile.lock\" \"${PODS_ROOT}/Manifest.lock\" > /dev/null\nif [ $? != 0 ] ; then\n    # print error to STDERR\n    echo \"error: The sandbox is not in sync with the Podfile.lock. Run 'pod install' or update your CocoaPods installation.\" >&2\n    exit 1\nfi\n# This output is used by Xcode 'outputs' to avoid re-running this script phase.\necho \"SUCCESS\" > \"${SCRIPT_OUTPUT_FILE_0}\"\n";
			showEnvVarsInLog = 0;
		};
		39F2AAC94E2A919CBF7E8333 /* [CP] Embed Pods Frameworks */ = {
			isa = PBXShellScriptBuildPhase;
			buildActionMask = 2147483647;
			files = (
			);
			inputPaths = (
				"${SRCROOT}/Pods/Target Support Files/Pods-巢经楼/Pods-巢经楼-frameworks.sh",
				"${BUILT_PRODUCTS_DIR}/FMDB/FMDB.framework",
			);
			name = "[CP] Embed Pods Frameworks";
			outputPaths = (
				"${TARGET_BUILD_DIR}/${FRAMEWORKS_FOLDER_PATH}/FMDB.framework",
			);
			runOnlyForDeploymentPostprocessing = 0;
			shellPath = /bin/sh;
			shellScript = "\"${SRCROOT}/Pods/Target Support Files/Pods-巢经楼/Pods-巢经楼-frameworks.sh\"\n";
			showEnvVarsInLog = 0;
		};
/* End PBXShellScriptBuildPhase section */

/* Begin PBXSourcesBuildPhase section */
		8BADE97B1F722B45009BB78E /* Sources */ = {
			isa = PBXSourcesBuildPhase;
			buildActionMask = 2147483647;
			files = (
				8B3A4E181F7E9E4F006CFEBC /* SearchSuggestionViewController.m in Sources */,
				8BB429BD1F7A6DC600AE5B19 /* ExpandableTableViewHeaderModel.m in Sources */,
				8B1CA9BC1FD8609D001C9C13 /* UITableView+CJLAnimation.m in Sources */,
				8B7EAE4C2003B2F0001C2622 /* CJLFavoriteTableViewCell.m in Sources */,
				8B3C9A111FA115210041A66F /* BlurLayout.m in Sources */,
				8B505E9A1FCE08A0008A2E36 /* CJLPopMenuView.m in Sources */,
				8B4C75EE1F8C35CC009160DC /* CONSTFile.m in Sources */,
				8B43B5FB1FC8684800ABD0B5 /* CJLWaterfallLayout.m in Sources */,
				8B3A4E121F7E6689006CFEBC /* SearchResultTableViewController.m in Sources */,
				8BC418FB20430D070075BE7A /* MemoryViewController.m in Sources */,
				8BADE98D1F722B46009BB78E /* SecondViewController.m in Sources */,
				8B1CA9B61FD5FF34001C9C13 /* CJLTipView.m in Sources */,
				8BADE9B61F73BC64009BB78E /* KnowledgeDetailTableViewController.m in Sources */,
				8BADE99E1F728035009BB78E /* KnowledgeViewController.m in Sources */,
				8B1CA9B91FD6FC63001C9C13 /* CJLTipModel.m in Sources */,
				8BADE9871F722B46009BB78E /* AppDelegate.m in Sources */,
				8BADE9B31F73AEAE009BB78E /* CustomCollectionViewCell.m in Sources */,
				8BED3C941F7C326100D8EFBB /* WebViewController.m in Sources */,
				8B40F22F1F97DC7D00B0D132 /* BookmarkModel.xcdatamodeld in Sources */,
				8B7EAE4820038D7D001C2622 /* CJLFavoriteModel.m in Sources */,
				8B1CA9BF1FD88F3F001C9C13 /* UIColor+CJLColor.m in Sources */,
				8B40F2321F98CAD400B0D132 /* FavoriteViewController.m in Sources */,
				8BB429BA1F7A6D4000AE5B19 /* ExpandableTableViewHeader.m in Sources */,
				8BB429C01F7BFBA000AE5B19 /* ContentsTableViewController.m in Sources */,
				8BADE9841F722B46009BB78E /* main.m in Sources */,
				8BADE9AB1F72A898009BB78E /* BlurView.m in Sources */,
				8BF24C051F99CC7F00A223BD /* BookmarkHandle.m in Sources */,
				8B3A4E241F7F7F57006CFEBC /* UIView+FrameExtension.m in Sources */,
				8BF9EBF31FD0D63200DDEFDF /* DBAccess.m in Sources */,
				8B4B95CC1FC7367800FEB4F6 /* CJLTabBar.m in Sources */,
				8BC418F82042725B0075BE7A /* MemoryCollectionViewController.m in Sources */,
				8B3A4E201F7EC70B006CFEBC /* SearchSuggestionTableView.m in Sources */,
			);
			runOnlyForDeploymentPostprocessing = 0;
		};
/* End PBXSourcesBuildPhase section */

/* Begin PBXVariantGroup section */
		8BADE98E1F722B46009BB78E /* Main.storyboard */ = {
			isa = PBXVariantGroup;
			children = (
				8BADE98F1F722B46009BB78E /* Base */,
			);
			name = Main.storyboard;
			sourceTree = "<group>";
		};
		8BADE9931F722B46009BB78E /* LaunchScreen.storyboard */ = {
			isa = PBXVariantGroup;
			children = (
				8BADE9941F722B46009BB78E /* Base */,
			);
			name = LaunchScreen.storyboard;
			sourceTree = "<group>";
		};
/* End PBXVariantGroup section */

/* Begin XCBuildConfiguration section */
		8BADE9971F722B46009BB78E /* Debug */ = {
			isa = XCBuildConfiguration;
			buildSettings = {
				ALWAYS_SEARCH_USER_PATHS = NO;
				CLANG_ANALYZER_NONNULL = YES;
				CLANG_ANALYZER_NUMBER_OBJECT_CONVERSION = YES_AGGRESSIVE;
				CLANG_CXX_LANGUAGE_STANDARD = "gnu++0x";
				CLANG_CXX_LIBRARY = "libc++";
				CLANG_ENABLE_MODULES = YES;
				CLANG_ENABLE_OBJC_ARC = YES;
				CLANG_WARN_BLOCK_CAPTURE_AUTORELEASING = YES;
				CLANG_WARN_BOOL_CONVERSION = YES;
				CLANG_WARN_COMMA = YES;
				CLANG_WARN_CONSTANT_CONVERSION = YES;
				CLANG_WARN_DIRECT_OBJC_ISA_USAGE = YES_ERROR;
				CLANG_WARN_DOCUMENTATION_COMMENTS = YES;
				CLANG_WARN_EMPTY_BODY = YES;
				CLANG_WARN_ENUM_CONVERSION = YES;
				CLANG_WARN_INFINITE_RECURSION = YES;
				CLANG_WARN_INT_CONVERSION = YES;
				CLANG_WARN_NON_LITERAL_NULL_CONVERSION = YES;
				CLANG_WARN_OBJC_LITERAL_CONVERSION = YES;
				CLANG_WARN_OBJC_ROOT_CLASS = YES_ERROR;
				CLANG_WARN_RANGE_LOOP_ANALYSIS = YES;
				CLANG_WARN_STRICT_PROTOTYPES = YES;
				CLANG_WARN_SUSPICIOUS_MOVE = YES;
				CLANG_WARN_UNREACHABLE_CODE = YES;
				CLANG_WARN__DUPLICATE_METHOD_MATCH = YES;
				"CODE_SIGN_IDENTITY[sdk=iphoneos*]" = "iPhone Developer";
				COPY_PHASE_STRIP = NO;
				DEBUG_INFORMATION_FORMAT = dwarf;
				ENABLE_STRICT_OBJC_MSGSEND = YES;
				ENABLE_TESTABILITY = YES;
				GCC_C_LANGUAGE_STANDARD = gnu99;
				GCC_DYNAMIC_NO_PIC = NO;
				GCC_NO_COMMON_BLOCKS = YES;
				GCC_OPTIMIZATION_LEVEL = 0;
				GCC_PREPROCESSOR_DEFINITIONS = (
					"DEBUG=1",
					"$(inherited)",
				);
				GCC_WARN_64_TO_32_BIT_CONVERSION = YES;
				GCC_WARN_ABOUT_RETURN_TYPE = YES_ERROR;
				GCC_WARN_UNDECLARED_SELECTOR = YES;
				GCC_WARN_UNINITIALIZED_AUTOS = YES_AGGRESSIVE;
				GCC_WARN_UNUSED_FUNCTION = YES;
				GCC_WARN_UNUSED_VARIABLE = YES;
				IPHONEOS_DEPLOYMENT_TARGET = 11.0;
				MTL_ENABLE_DEBUG_INFO = YES;
				ONLY_ACTIVE_ARCH = YES;
				SDKROOT = iphoneos;
			};
			name = Debug;
		};
		8BADE9981F722B46009BB78E /* Release */ = {
			isa = XCBuildConfiguration;
			buildSettings = {
				ALWAYS_SEARCH_USER_PATHS = NO;
				CLANG_ANALYZER_NONNULL = YES;
				CLANG_ANALYZER_NUMBER_OBJECT_CONVERSION = YES_AGGRESSIVE;
				CLANG_CXX_LANGUAGE_STANDARD = "gnu++0x";
				CLANG_CXX_LIBRARY = "libc++";
				CLANG_ENABLE_MODULES = YES;
				CLANG_ENABLE_OBJC_ARC = YES;
				CLANG_WARN_BLOCK_CAPTURE_AUTORELEASING = YES;
				CLANG_WARN_BOOL_CONVERSION = YES;
				CLANG_WARN_COMMA = YES;
				CLANG_WARN_CONSTANT_CONVERSION = YES;
				CLANG_WARN_DIRECT_OBJC_ISA_USAGE = YES_ERROR;
				CLANG_WARN_DOCUMENTATION_COMMENTS = YES;
				CLANG_WARN_EMPTY_BODY = YES;
				CLANG_WARN_ENUM_CONVERSION = YES;
				CLANG_WARN_INFINITE_RECURSION = YES;
				CLANG_WARN_INT_CONVERSION = YES;
				CLANG_WARN_NON_LITERAL_NULL_CONVERSION = YES;
				CLANG_WARN_OBJC_LITERAL_CONVERSION = YES;
				CLANG_WARN_OBJC_ROOT_CLASS = YES_ERROR;
				CLANG_WARN_RANGE_LOOP_ANALYSIS = YES;
				CLANG_WARN_STRICT_PROTOTYPES = YES;
				CLANG_WARN_SUSPICIOUS_MOVE = YES;
				CLANG_WARN_UNREACHABLE_CODE = YES;
				CLANG_WARN__DUPLICATE_METHOD_MATCH = YES;
				"CODE_SIGN_IDENTITY[sdk=iphoneos*]" = "iPhone Developer";
				COPY_PHASE_STRIP = NO;
				DEBUG_INFORMATION_FORMAT = "dwarf-with-dsym";
				ENABLE_NS_ASSERTIONS = NO;
				ENABLE_STRICT_OBJC_MSGSEND = YES;
				GCC_C_LANGUAGE_STANDARD = gnu99;
				GCC_NO_COMMON_BLOCKS = YES;
				GCC_WARN_64_TO_32_BIT_CONVERSION = YES;
				GCC_WARN_ABOUT_RETURN_TYPE = YES_ERROR;
				GCC_WARN_UNDECLARED_SELECTOR = YES;
				GCC_WARN_UNINITIALIZED_AUTOS = YES_AGGRESSIVE;
				GCC_WARN_UNUSED_FUNCTION = YES;
				GCC_WARN_UNUSED_VARIABLE = YES;
				IPHONEOS_DEPLOYMENT_TARGET = 11.0;
				MTL_ENABLE_DEBUG_INFO = NO;
				SDKROOT = iphoneos;
				VALIDATE_PRODUCT = YES;
			};
			name = Release;
		};
		8BADE99A1F722B46009BB78E /* Debug */ = {
			isa = XCBuildConfiguration;
			baseConfigurationReference = 7C47E3469F8EAD289C6455B1 /* Pods-巢经楼.debug.xcconfig */;
			buildSettings = {
				ASSETCATALOG_COMPILER_APPICON_NAME = AppIcon;
				DEVELOPMENT_TEAM = AL9MN53CG2;
				INFOPLIST_FILE = "巢经楼/Info.plist";
				LD_RUNPATH_SEARCH_PATHS = "$(inherited) @executable_path/Frameworks";
				OTHER_LDFLAGS = "$(inherited)";
				PRODUCT_BUNDLE_IDENTIFIER = caizhongming.caojinglou;
				PRODUCT_NAME = "$(TARGET_NAME)";
				USER_HEADER_SEARCH_PATHS = "${SRCROOT}/**";
			};
			name = Debug;
		};
		8BADE99B1F722B46009BB78E /* Release */ = {
			isa = XCBuildConfiguration;
			baseConfigurationReference = F2D6C14F00C902DC76EBC0FA /* Pods-巢经楼.release.xcconfig */;
			buildSettings = {
				ASSETCATALOG_COMPILER_APPICON_NAME = AppIcon;
				DEVELOPMENT_TEAM = AL9MN53CG2;
				INFOPLIST_FILE = "巢经楼/Info.plist";
				LD_RUNPATH_SEARCH_PATHS = "$(inherited) @executable_path/Frameworks";
				OTHER_LDFLAGS = "$(inherited)";
				PRODUCT_BUNDLE_IDENTIFIER = caizhongming.caojinglou;
				PRODUCT_NAME = "$(TARGET_NAME)";
				USER_HEADER_SEARCH_PATHS = "${SRCROOT}/**";
			};
			name = Release;
		};
/* End XCBuildConfiguration section */

/* Begin XCConfigurationList section */
		8BADE97A1F722B45009BB78E /* Build configuration list for PBXProject "巢经楼" */ = {
			isa = XCConfigurationList;
			buildConfigurations = (
				8BADE9971F722B46009BB78E /* Debug */,
				8BADE9981F722B46009BB78E /* Release */,
			);
			defaultConfigurationIsVisible = 0;
			defaultConfigurationName = Release;
		};
		8BADE9991F722B46009BB78E /* Build configuration list for PBXNativeTarget "巢经楼" */ = {
			isa = XCConfigurationList;
			buildConfigurations = (
				8BADE99A1F722B46009BB78E /* Debug */,
				8BADE99B1F722B46009BB78E /* Release */,
			);
			defaultConfigurationIsVisible = 0;
			defaultConfigurationName = Release;
		};
/* End XCConfigurationList section */

/* Begin XCVersionGroup section */
		8B40F22D1F97DC7D00B0D132 /* BookmarkModel.xcdatamodeld */ = {
			isa = XCVersionGroup;
			children = (
				8B40F22E1F97DC7D00B0D132 /* BookmarkModel.xcdatamodel */,
			);
			currentVersion = 8B40F22E1F97DC7D00B0D132 /* BookmarkModel.xcdatamodel */;
			path = BookmarkModel.xcdatamodeld;
			sourceTree = "<group>";
			versionGroupType = wrapper.xcdatamodel;
		};
/* End XCVersionGroup section */
	};
	rootObject = 8BADE9771F722B45009BB78E /* Project object */;
}
